lockfileVersion: '6.0'

settings:
  autoInstallPeers: true
  excludeLinksFromLockfile: false

dependencies:
  swiper:
    specifier: ^11.1.4
    version: 11.1.4

packages:

  /swiper@11.1.4:
    resolution: {integrity: sha512-1n7kbYJB2dFEpUHRFszq7gys/ofIBrMNibwTiMvPHwneKND/t9kImnHt6CfGPScMHgI+dWMbGTycCKGMoOO1KA==}
    engines: {node: '>= 4.7.0'}
    dev: false
